
Microsoft Visual Studio Solution File, Format Version 12.00
# Visual Studio 15
VisualStudioVersion = 15.0.28010.2050
MinimumVisualStudioVersion = 10.0.40219.1
Project("{9A19103F-16F7-4668-BE54-9A1E7A4F7556}") = "GiveNTake", "GiveNTake\GiveNTake.csproj", "{A12BF914-3294-4786-98BF-B33F13C4D1AC}"
EndProject
Global
	GlobalSection(SolutionConfigurationPlatforms) = preSolution
		Debug|Any CPU = Debug|Any CPU
		Release|Any CPU = Release|Any CPU
	EndGlobalSection
	GlobalSection(ProjectConfigurationPlatforms) = postSolution
		{A12BF914-3294-4786-98BF-B33F13C4D1AC}.Debug|Any CPU.ActiveCfg = Debug|Any CPU
		{A12BF914-3294-4786-98BF-B33F13C4D1AC}.Debug|Any CPU.Build.0 = Debug|Any CPU
		{A12BF914-3294-4786-98BF-B33F13C4D1AC}.Release|Any CPU.ActiveCfg = Release|Any CPU
		{A12BF914-3294-4786-98BF-B33F13C4D1AC}.Release|Any CPU.Build.0 = Release|Any CPU
	EndGlobalSection
	GlobalSection(SolutionProperties) = preSolution
		HideSolutionNode = FALSE
	EndGlobalSection
	GlobalSection(ExtensibilityGlobals) = postSolution
		SolutionGuid = {5F31DCE0-C6FD-4E9E-A7C7-D735E29D266C}
	EndGlobalSection
EndGlobal
